
Microsoft Visual Studio Solution File, Format Version 12.00
# Visual Studio Version 17
VisualStudioVersion = 17.13.35806.99 d17.13
MinimumVisualStudioVersion = 10.0.40219.1
Project("{FAE04EC0-301F-11D3-BF4B-00C04F79EFBC}") = "AppLogin", "AppLogin.csproj", "{1FB20361-3363-413D-ABC7-85491E3A8387}"
EndProject
Global
	GlobalSection(SolutionConfigurationPlatforms) = preSolution
		Debug|Any CPU = Debug|Any CPU
		Release|Any CPU = Release|Any CPU
	EndGlobalSection
	GlobalSection(ProjectConfigurationPlatforms) = postSolution
		{1FB20361-3363-413D-ABC7-85491E3A8387}.Debug|Any CPU.ActiveCfg = Debug|Any CPU
		{1FB20361-3363-413D-ABC7-85491E3A8387}.Debug|Any CPU.Build.0 = Debug|Any CPU
		{1FB20361-3363-413D-ABC7-85491E3A8387}.Release|Any CPU.ActiveCfg = Release|Any CPU
		{1FB20361-3363-413D-ABC7-85491E3A8387}.Release|Any CPU.Build.0 = Release|Any CPU
	EndGlobalSection
	GlobalSection(SolutionProperties) = preSolution
		HideSolutionNode = FALSE
	EndGlobalSection
	GlobalSection(ExtensibilityGlobals) = postSolution
		SolutionGuid = {F1E28B2E-5CA3-4BDB-B725-10AE2B025C68}
	EndGlobalSection
EndGlobal
