
Microsoft Visual Studio Solution File, Format Version 12.00
# Visual Studio Version 17
VisualStudioVersion = 17.13.35806.99 d17.13
MinimumVisualStudioVersion = 10.0.40219.1
Project("{FAE04EC0-301F-11D3-BF4B-00C04F79EFBC}") = "PrimeiroApp", "PrimeiroApp.csproj", "{244DB578-2298-4908-B20D-766D9B299493}"
EndProject
Global
	GlobalSection(SolutionConfigurationPlatforms) = preSolution
		Debug|Any CPU = Debug|Any CPU
		Release|Any CPU = Release|Any CPU
	EndGlobalSection
	GlobalSection(ProjectConfigurationPlatforms) = postSolution
		{244DB578-2298-4908-B20D-766D9B299493}.Debug|Any CPU.ActiveCfg = Debug|Any CPU
		{244DB578-2298-4908-B20D-766D9B299493}.Debug|Any CPU.Build.0 = Debug|Any CPU
		{244DB578-2298-4908-B20D-766D9B299493}.Release|Any CPU.ActiveCfg = Release|Any CPU
		{244DB578-2298-4908-B20D-766D9B299493}.Release|Any CPU.Build.0 = Release|Any CPU
	EndGlobalSection
	GlobalSection(SolutionProperties) = preSolution
		HideSolutionNode = FALSE
	EndGlobalSection
	GlobalSection(ExtensibilityGlobals) = postSolution
		SolutionGuid = {F8759E59-A16A-4FE1-90E8-FB3E3F731FA1}
	EndGlobalSection
EndGlobal
